
Microsoft Visual Studio Solution File, Format Version 12.00
# Visual Studio Version 17
VisualStudioVersion = 17.9.34723.18
MinimumVisualStudioVersion = 10.0.40219.1
Project("{FAE04EC0-301F-11D3-BF4B-00C04F79EFBC}") = "LogViewer.Console", "LogViewer.Console\LogViewer.Console.csproj", "{631F2EB4-591D-4958-A7F2-3CCCF1729D1F}"
EndProject
Global
	GlobalSection(SolutionConfigurationPlatforms) = preSolution
		Debug|Any CPU = Debug|Any CPU
		Release|Any CPU = Release|Any CPU
	EndGlobalSection
	GlobalSection(ProjectConfigurationPlatforms) = postSolution
		{631F2EB4-591D-4958-A7F2-3CCCF1729D1F}.Debug|Any CPU.ActiveCfg = Debug|Any CPU
		{631F2EB4-591D-4958-A7F2-3CCCF1729D1F}.Debug|Any CPU.Build.0 = Debug|Any CPU
		{631F2EB4-591D-4958-A7F2-3CCCF1729D1F}.Release|Any CPU.ActiveCfg = Release|Any CPU
		{631F2EB4-591D-4958-A7F2-3CCCF1729D1F}.Release|Any CPU.Build.0 = Release|Any CPU
	EndGlobalSection
	GlobalSection(SolutionProperties) = preSolution
		HideSolutionNode = FALSE
	EndGlobalSection
	GlobalSection(ExtensibilityGlobals) = postSolution
		SolutionGuid = {5FAE811C-ACD1-45D1-B9CF-8C7C3E6A01D4}
	EndGlobalSection
EndGlobal
