
Microsoft Visual Studio Solution File, Format Version 12.00
# Visual Studio Version 17
VisualStudioVersion = 17.9.34723.18
MinimumVisualStudioVersion = 10.0.40219.1
Project("{FAE04EC0-301F-11D3-BF4B-00C04F79EFBC}") = "LogViewer.Model", "LogViewer.Model\LogViewer.Model.csproj", "{DA60EFAE-7190-4C41-9A6A-EFEBA8CB1B50}"
EndProject
Project("{FAE04EC0-301F-11D3-BF4B-00C04F79EFBC}") = "LogViewer.View", "LogViewer.View\LogViewer.View.csproj", "{DF8DF926-78A6-407B-983D-F0FA43972C38}"
EndProject
Project("{FAE04EC0-301F-11D3-BF4B-00C04F79EFBC}") = "LogViewer.Configuration", "LogViewer.Configuration\LogViewer.Configuration.csproj", "{A76FB284-6145-4AB6-A3B5-3914D5E0BB16}"
EndProject
Project("{FAE04EC0-301F-11D3-BF4B-00C04F79EFBC}") = "LogViewer.ViewModel", "LogViewer.ViewModel\LogViewer.ViewModel.csproj", "{D7BC0609-4449-4E5C-BEE0-F3CABC2CE096}"
EndProject
Global
	GlobalSection(SolutionConfigurationPlatforms) = preSolution
		Debug|Any CPU = Debug|Any CPU
		Release|Any CPU = Release|Any CPU
	EndGlobalSection
	GlobalSection(ProjectConfigurationPlatforms) = postSolution
		{DA60EFAE-7190-4C41-9A6A-EFEBA8CB1B50}.Debug|Any CPU.ActiveCfg = Debug|Any CPU
		{DA60EFAE-7190-4C41-9A6A-EFEBA8CB1B50}.Debug|Any CPU.Build.0 = Debug|Any CPU
		{DA60EFAE-7190-4C41-9A6A-EFEBA8CB1B50}.Release|Any CPU.ActiveCfg = Release|Any CPU
		{DA60EFAE-7190-4C41-9A6A-EFEBA8CB1B50}.Release|Any CPU.Build.0 = Release|Any CPU
		{541E379E-6C6B-45E3-8EDF-86818CE47F5C}.Debug|Any CPU.ActiveCfg = Debug|Any CPU
		{541E379E-6C6B-45E3-8EDF-86818CE47F5C}.Debug|Any CPU.Build.0 = Debug|Any CPU
		{541E379E-6C6B-45E3-8EDF-86818CE47F5C}.Release|Any CPU.ActiveCfg = Release|Any CPU
		{541E379E-6C6B-45E3-8EDF-86818CE47F5C}.Release|Any CPU.Build.0 = Release|Any CPU
		{DF8DF926-78A6-407B-983D-F0FA43972C38}.Debug|Any CPU.ActiveCfg = Debug|Any CPU
		{DF8DF926-78A6-407B-983D-F0FA43972C38}.Debug|Any CPU.Build.0 = Debug|Any CPU
		{DF8DF926-78A6-407B-983D-F0FA43972C38}.Release|Any CPU.ActiveCfg = Release|Any CPU
		{DF8DF926-78A6-407B-983D-F0FA43972C38}.Release|Any CPU.Build.0 = Release|Any CPU
		{A76FB284-6145-4AB6-A3B5-3914D5E0BB16}.Debug|Any CPU.ActiveCfg = Debug|Any CPU
		{A76FB284-6145-4AB6-A3B5-3914D5E0BB16}.Debug|Any CPU.Build.0 = Debug|Any CPU
		{A76FB284-6145-4AB6-A3B5-3914D5E0BB16}.Release|Any CPU.ActiveCfg = Release|Any CPU
		{A76FB284-6145-4AB6-A3B5-3914D5E0BB16}.Release|Any CPU.Build.0 = Release|Any CPU
		{D7BC0609-4449-4E5C-BEE0-F3CABC2CE096}.Debug|Any CPU.ActiveCfg = Debug|Any CPU
		{D7BC0609-4449-4E5C-BEE0-F3CABC2CE096}.Debug|Any CPU.Build.0 = Debug|Any CPU
		{D7BC0609-4449-4E5C-BEE0-F3CABC2CE096}.Release|Any CPU.ActiveCfg = Release|Any CPU
		{D7BC0609-4449-4E5C-BEE0-F3CABC2CE096}.Release|Any CPU.Build.0 = Release|Any CPU
	EndGlobalSection
	GlobalSection(SolutionProperties) = preSolution
		HideSolutionNode = FALSE
	EndGlobalSection
	GlobalSection(ExtensibilityGlobals) = postSolution
		SolutionGuid = {5FAE811C-ACD1-45D1-B9CF-8C7C3E6A01D4}
	EndGlobalSection
EndGlobal
